# This file is automatically @generated by Cargo.
# It is not intended for manual editing.
[[package]]
name = "bytebuffer"
version = "0.2.1"
source = "registry+https://github.com/rust-lang/crates.io-index"
checksum = "e822a21389d388828152aeae8bb43049196b09076e2a138f53351d8cf6576cf3"
dependencies = [
 "byteorder 0.3.13",
]

[[package]]
name = "byteorder"
version = "0.3.13"
source = "registry+https://github.com/rust-lang/crates.io-index"
checksum = "29b2aa490a8f546381308d68fc79e6bd753cd3ad839f7a7172897f1feedfa175"

[[package]]
name = "byteorder"
version = "1.3.4"
source = "registry+https://github.com/rust-lang/crates.io-index"
checksum = "08c48aae112d48ed9f069b33538ea9e3e90aa263cfa3d1c24309612b1f7472de"

[[package]]
name = "msgparser"
version = "0.1.0"
dependencies = [
 "bytebuffer",
 "byteorder 1.3.4",
]

[[package]]
name = "parser_cli"
version = "0.1.0"
dependencies = [
 "bytebuffer",
 "msgparser",
]
